
Microsoft Visual Studio Solution File, Format Version 12.00
# Visual Studio 15
VisualStudioVersion = 15.0.26730.16
MinimumVisualStudioVersion = 10.0.40219.1
Project("{8BC9CEB8-8B4A-11D0-8D11-00A0C91BC942}") = "Lab2", "Lab2\Lab2.vcxproj", "{FE5A6D01-870F-4B68-8E2C-A60F4A580748}"
EndProject
Global
	GlobalSection(SolutionConfigurationPlatforms) = preSolution
		Debug|x64 = Debug|x64
		Debug|x86 = Debug|x86
		Release|x64 = Release|x64
		Release|x86 = Release|x86
	EndGlobalSection
	GlobalSection(ProjectConfigurationPlatforms) = postSolution
		{FE5A6D01-870F-4B68-8E2C-A60F4A580748}.Debug|x64.ActiveCfg = Debug|x64
		{FE5A6D01-870F-4B68-8E2C-A60F4A580748}.Debug|x64.Build.0 = Debug|x64
		{FE5A6D01-870F-4B68-8E2C-A60F4A580748}.Debug|x86.ActiveCfg = Debug|Win32
		{FE5A6D01-870F-4B68-8E2C-A60F4A580748}.Debug|x86.Build.0 = Debug|Win32
		{FE5A6D01-870F-4B68-8E2C-A60F4A580748}.Release|x64.ActiveCfg = Release|x64
		{FE5A6D01-870F-4B68-8E2C-A60F4A580748}.Release|x64.Build.0 = Release|x64
		{FE5A6D01-870F-4B68-8E2C-A60F4A580748}.Release|x86.ActiveCfg = Release|Win32
		{FE5A6D01-870F-4B68-8E2C-A60F4A580748}.Release|x86.Build.0 = Release|Win32
	EndGlobalSection
	GlobalSection(SolutionProperties) = preSolution
		HideSolutionNode = FALSE
	EndGlobalSection
	GlobalSection(ExtensibilityGlobals) = postSolution
		SolutionGuid = {CF5F5A7A-B72E-4F83-8EC2-E124662B96E0}
	EndGlobalSection
EndGlobal
